{
  "name": "demo",
  "version": "1.0.0",
  "lockfileVersion": 1,
  "requires": true,
  "dependencies": {
    "routes-files-builder": {
      "version": "file:../dist/routes-files-builder-0.0.1.tgz",
      "integrity": "sha512-qgRnowf2T75DYsItAAAdHyzmzX6ALSkOonmlmG49rOe/5O7E/5/FnJmgNfDNsoR9kOFNhhzwIpBSPM8VS7EuKw==",
      "dev": true
    }
  }
}
